
Microsoft Visual Studio Solution File, Format Version 12.00
# Visual Studio 15
VisualStudioVersion = 15.0.28307.438
MinimumVisualStudioVersion = 10.0.40219.1
Project("{FAE04EC0-301F-11D3-BF4B-00C04F79EFBC}") = "GABC2019Dock", "GABC2019Dock\GABC2019Dock.csproj", "{D68E3F90-AA1B-420B-B173-90B7AD80954A}"
EndProject
Global
	GlobalSection(SolutionConfigurationPlatforms) = preSolution
		Debug|Any CPU = Debug|Any CPU
		Release|Any CPU = Release|Any CPU
	EndGlobalSection
	GlobalSection(ProjectConfigurationPlatforms) = postSolution
		{D68E3F90-AA1B-420B-B173-90B7AD80954A}.Debug|Any CPU.ActiveCfg = Debug|Any CPU
		{D68E3F90-AA1B-420B-B173-90B7AD80954A}.Debug|Any CPU.Build.0 = Debug|Any CPU
		{D68E3F90-AA1B-420B-B173-90B7AD80954A}.Release|Any CPU.ActiveCfg = Release|Any CPU
		{D68E3F90-AA1B-420B-B173-90B7AD80954A}.Release|Any CPU.Build.0 = Release|Any CPU
	EndGlobalSection
	GlobalSection(SolutionProperties) = preSolution
		HideSolutionNode = FALSE
	EndGlobalSection
	GlobalSection(ExtensibilityGlobals) = postSolution
		SolutionGuid = {511C7F8F-33EC-495B-BBAD-ADA5A0FA57FD}
	EndGlobalSection
EndGlobal
